
Microsoft Visual Studio Solution File, Format Version 12.00
# Visual Studio Version 17
VisualStudioVersion = 17.1.32421.90
MinimumVisualStudioVersion = 10.0.40219.1
Project("{9A19103F-16F7-4668-BE54-9A1E7A4F7556}") = "MyApi", "MyApi\MyApi.csproj", "{2ADFF1D1-7892-45A0-94EB-97C66927FAFB}"
EndProject
Project("{9A19103F-16F7-4668-BE54-9A1E7A4F7556}") = "MyApi.Tests", "MyApi.Tests\MyApi.Tests.csproj", "{D472F0DA-988E-4640-B91E-5E1066214797}"
EndProject
Global
	GlobalSection(SolutionConfigurationPlatforms) = preSolution
		Debug|Any CPU = Debug|Any CPU
		Release|Any CPU = Release|Any CPU
	EndGlobalSection
	GlobalSection(ProjectConfigurationPlatforms) = postSolution
		{2ADFF1D1-7892-45A0-94EB-97C66927FAFB}.Debug|Any CPU.ActiveCfg = Debug|Any CPU
		{2ADFF1D1-7892-45A0-94EB-97C66927FAFB}.Debug|Any CPU.Build.0 = Debug|Any CPU
		{2ADFF1D1-7892-45A0-94EB-97C66927FAFB}.Release|Any CPU.ActiveCfg = Release|Any CPU
		{2ADFF1D1-7892-45A0-94EB-97C66927FAFB}.Release|Any CPU.Build.0 = Release|Any CPU
		{D472F0DA-988E-4640-B91E-5E1066214797}.Debug|Any CPU.ActiveCfg = Debug|Any CPU
		{D472F0DA-988E-4640-B91E-5E1066214797}.Debug|Any CPU.Build.0 = Debug|Any CPU
		{D472F0DA-988E-4640-B91E-5E1066214797}.Release|Any CPU.ActiveCfg = Release|Any CPU
		{D472F0DA-988E-4640-B91E-5E1066214797}.Release|Any CPU.Build.0 = Release|Any CPU
	EndGlobalSection
	GlobalSection(SolutionProperties) = preSolution
		HideSolutionNode = FALSE
	EndGlobalSection
	GlobalSection(ExtensibilityGlobals) = postSolution
		SolutionGuid = {72F7808D-FBE9-4774-9EB8-734EFDACB520}
	EndGlobalSection
EndGlobal
