
Microsoft Visual Studio Solution File, Format Version 12.00
# Visual Studio Version 17
VisualStudioVersion = 17.2.32408.312
MinimumVisualStudioVersion = 10.0.40219.1
Project("{9A19103F-16F7-4668-BE54-9A1E7A4F7556}") = "MvcApi", "MvcApi\MvcApi.csproj", "{0769CE2C-A38B-48FD-ADBE-B4AE994B5DFA}"
EndProject
Project("{FAE04EC0-301F-11D3-BF4B-00C04F79EFBC}") = "MvcApi.Tests", "MvcApi.Tests\MvcApi.Tests.csproj", "{A957F4F6-43AF-4681-BC91-E964FEAA70C1}"
EndProject
Global
	GlobalSection(SolutionConfigurationPlatforms) = preSolution
		Debug|Any CPU = Debug|Any CPU
		Release|Any CPU = Release|Any CPU
	EndGlobalSection
	GlobalSection(ProjectConfigurationPlatforms) = postSolution
		{0769CE2C-A38B-48FD-ADBE-B4AE994B5DFA}.Debug|Any CPU.ActiveCfg = Debug|Any CPU
		{0769CE2C-A38B-48FD-ADBE-B4AE994B5DFA}.Debug|Any CPU.Build.0 = Debug|Any CPU
		{0769CE2C-A38B-48FD-ADBE-B4AE994B5DFA}.Release|Any CPU.ActiveCfg = Release|Any CPU
		{0769CE2C-A38B-48FD-ADBE-B4AE994B5DFA}.Release|Any CPU.Build.0 = Release|Any CPU
		{A957F4F6-43AF-4681-BC91-E964FEAA70C1}.Debug|Any CPU.ActiveCfg = Debug|Any CPU
		{A957F4F6-43AF-4681-BC91-E964FEAA70C1}.Debug|Any CPU.Build.0 = Debug|Any CPU
		{A957F4F6-43AF-4681-BC91-E964FEAA70C1}.Release|Any CPU.ActiveCfg = Release|Any CPU
		{A957F4F6-43AF-4681-BC91-E964FEAA70C1}.Release|Any CPU.Build.0 = Release|Any CPU
	EndGlobalSection
	GlobalSection(SolutionProperties) = preSolution
		HideSolutionNode = FALSE
	EndGlobalSection
	GlobalSection(ExtensibilityGlobals) = postSolution
		SolutionGuid = {0CC01C58-2DA0-49B1-9A11-6564218A7A36}
	EndGlobalSection
EndGlobal
